
Microsoft Visual Studio Solution File, Format Version 12.00
# Visual Studio Version 17
VisualStudioVersion = 17.0.31903.59
MinimumVisualStudioVersion = 10.0.40219.1
Project("{FAE04EC0-301F-11D3-BF4B-00C04F79EFBC}") = "KMyMoney.Net.Models", "KMyMoney.Net.Models\KMyMoney.Net.Models.csproj", "{D4194266-C918-4FAE-BDD5-E0D15F99B4A9}"
EndProject
Project("{FAE04EC0-301F-11D3-BF4B-00C04F79EFBC}") = "KMyMoney.Net.Core", "KMyMoney.Net.Core\KMyMoney.Net.Core.csproj", "{BFDA6973-1160-498E-9208-47078E854DE5}"
EndProject
Project("{FAE04EC0-301F-11D3-BF4B-00C04F79EFBC}") = "KMyMoney.Net.Cli", "KMyMoney.Net.Cli\KMyMoney.Net.Cli.csproj", "{3E624ACE-EFC5-4A29-AED9-EDB178C9875A}"
EndProject
Project("{FAE04EC0-301F-11D3-BF4B-00C04F79EFBC}") = "KMyMoney.Net.Core.FileAccessors.Dropbox", "KMyMoney.Net.Core.FileAccessors.Dropbox\KMyMoney.Net.Core.FileAccessors.Dropbox.csproj", "{75F0F587-6E23-4E18-8C5A-B88DB7C206A6}"
EndProject
Project("{FAE04EC0-301F-11D3-BF4B-00C04F79EFBC}") = "KMyMoney.Net.Core.FileAccessors", "KMyMoney.Net.Core.FileAccessors\KMyMoney.Net.Core.FileAccessors.csproj", "{035272DE-E11F-46DD-8CDE-D52898FE04F5}"
EndProject
Project("{FAE04EC0-301F-11D3-BF4B-00C04F79EFBC}") = "KMyMoney.Net.TelegramBot", "KMyMoney.Net.TelegramBot\KMyMoney.Net.TelegramBot.csproj", "{B1A2A391-8577-496E-96B4-1600F0B2174E}"
EndProject
Project("{FAE04EC0-301F-11D3-BF4B-00C04F79EFBC}") = "KMyMoney.Net.TelegramBot.Persistence", "KMyMoney.Net.TelegramBot.Persistence\KMyMoney.Net.TelegramBot.Persistence.csproj", "{F73A04F7-D416-4CF5-BDD2-2FF81CFEB248}"
EndProject
Project("{FAE04EC0-301F-11D3-BF4B-00C04F79EFBC}") = "KMyMoney.Net.TelegramBot.Persistence.InMemory", "KMyMoney.Net.TelegramBot.Persistence.InMemory\KMyMoney.Net.TelegramBot.Persistence.InMemory.csproj", "{1CAF1762-DEC5-4DEE-A01D-704935B37C02}"
EndProject
Project("{FAE04EC0-301F-11D3-BF4B-00C04F79EFBC}") = "KMyMoney.Net.TelegramBot.Persistence.Etcd", "KMyMoney.Net.TelegramBot.Persistence.Etcd\KMyMoney.Net.TelegramBot.Persistence.Etcd.csproj", "{5E57ED08-8B17-476D-AAF6-CE89620D4807}"
EndProject
Project("{FAE04EC0-301F-11D3-BF4B-00C04F79EFBC}") = "KMyMoney.Net.Core.Tests", "KMyMoney.Net.Core.Tests\KMyMoney.Net.Core.Tests.csproj", "{7FCF4ED5-9CE0-4F06-BE09-240FA6DDE1EF}"
EndProject
Project("{FAE04EC0-301F-11D3-BF4B-00C04F79EFBC}") = "KMyMoney.Net.Core.FileAccessors.Dropbox.Tests", "KMyMoney.Net.Core.FileAccessors.Dropbox.Tests\KMyMoney.Net.Core.FileAccessors.Dropbox.Tests.csproj", "{9F9D7277-6C5B-401B-8DA9-29A21F03E30C}"
EndProject
Global
	GlobalSection(SolutionConfigurationPlatforms) = preSolution
		Debug|Any CPU = Debug|Any CPU
		Debug|x64 = Debug|x64
		Debug|x86 = Debug|x86
		Release|Any CPU = Release|Any CPU
		Release|x64 = Release|x64
		Release|x86 = Release|x86
	EndGlobalSection
	GlobalSection(ProjectConfigurationPlatforms) = postSolution
		{D4194266-C918-4FAE-BDD5-E0D15F99B4A9}.Debug|Any CPU.ActiveCfg = Debug|Any CPU
		{D4194266-C918-4FAE-BDD5-E0D15F99B4A9}.Debug|Any CPU.Build.0 = Debug|Any CPU
		{D4194266-C918-4FAE-BDD5-E0D15F99B4A9}.Debug|x64.ActiveCfg = Debug|Any CPU
		{D4194266-C918-4FAE-BDD5-E0D15F99B4A9}.Debug|x64.Build.0 = Debug|Any CPU
		{D4194266-C918-4FAE-BDD5-E0D15F99B4A9}.Debug|x86.ActiveCfg = Debug|Any CPU
		{D4194266-C918-4FAE-BDD5-E0D15F99B4A9}.Debug|x86.Build.0 = Debug|Any CPU
		{D4194266-C918-4FAE-BDD5-E0D15F99B4A9}.Release|Any CPU.ActiveCfg = Release|Any CPU
		{D4194266-C918-4FAE-BDD5-E0D15F99B4A9}.Release|Any CPU.Build.0 = Release|Any CPU
		{D4194266-C918-4FAE-BDD5-E0D15F99B4A9}.Release|x64.ActiveCfg = Release|Any CPU
		{D4194266-C918-4FAE-BDD5-E0D15F99B4A9}.Release|x64.Build.0 = Release|Any CPU
		{D4194266-C918-4FAE-BDD5-E0D15F99B4A9}.Release|x86.ActiveCfg = Release|Any CPU
		{D4194266-C918-4FAE-BDD5-E0D15F99B4A9}.Release|x86.Build.0 = Release|Any CPU
		{BFDA6973-1160-498E-9208-47078E854DE5}.Debug|Any CPU.ActiveCfg = Debug|Any CPU
		{BFDA6973-1160-498E-9208-47078E854DE5}.Debug|Any CPU.Build.0 = Debug|Any CPU
		{BFDA6973-1160-498E-9208-47078E854DE5}.Debug|x64.ActiveCfg = Debug|Any CPU
		{BFDA6973-1160-498E-9208-47078E854DE5}.Debug|x64.Build.0 = Debug|Any CPU
		{BFDA6973-1160-498E-9208-47078E854DE5}.Debug|x86.ActiveCfg = Debug|Any CPU
		{BFDA6973-1160-498E-9208-47078E854DE5}.Debug|x86.Build.0 = Debug|Any CPU
		{BFDA6973-1160-498E-9208-47078E854DE5}.Release|Any CPU.ActiveCfg = Release|Any CPU
		{BFDA6973-1160-498E-9208-47078E854DE5}.Release|Any CPU.Build.0 = Release|Any CPU
		{BFDA6973-1160-498E-9208-47078E854DE5}.Release|x64.ActiveCfg = Release|Any CPU
		{BFDA6973-1160-498E-9208-47078E854DE5}.Release|x64.Build.0 = Release|Any CPU
		{BFDA6973-1160-498E-9208-47078E854DE5}.Release|x86.ActiveCfg = Release|Any CPU
		{BFDA6973-1160-498E-9208-47078E854DE5}.Release|x86.Build.0 = Release|Any CPU
		{3E624ACE-EFC5-4A29-AED9-EDB178C9875A}.Debug|Any CPU.ActiveCfg = Debug|Any CPU
		{3E624ACE-EFC5-4A29-AED9-EDB178C9875A}.Debug|Any CPU.Build.0 = Debug|Any CPU
		{3E624ACE-EFC5-4A29-AED9-EDB178C9875A}.Debug|x64.ActiveCfg = Debug|Any CPU
		{3E624ACE-EFC5-4A29-AED9-EDB178C9875A}.Debug|x64.Build.0 = Debug|Any CPU
		{3E624ACE-EFC5-4A29-AED9-EDB178C9875A}.Debug|x86.ActiveCfg = Debug|Any CPU
		{3E624ACE-EFC5-4A29-AED9-EDB178C9875A}.Debug|x86.Build.0 = Debug|Any CPU
		{3E624ACE-EFC5-4A29-AED9-EDB178C9875A}.Release|Any CPU.ActiveCfg = Release|Any CPU
		{3E624ACE-EFC5-4A29-AED9-EDB178C9875A}.Release|Any CPU.Build.0 = Release|Any CPU
		{3E624ACE-EFC5-4A29-AED9-EDB178C9875A}.Release|x64.ActiveCfg = Release|Any CPU
		{3E624ACE-EFC5-4A29-AED9-EDB178C9875A}.Release|x64.Build.0 = Release|Any CPU
		{3E624ACE-EFC5-4A29-AED9-EDB178C9875A}.Release|x86.ActiveCfg = Release|Any CPU
		{3E624ACE-EFC5-4A29-AED9-EDB178C9875A}.Release|x86.Build.0 = Release|Any CPU
		{75F0F587-6E23-4E18-8C5A-B88DB7C206A6}.Debug|Any CPU.ActiveCfg = Debug|Any CPU
		{75F0F587-6E23-4E18-8C5A-B88DB7C206A6}.Debug|Any CPU.Build.0 = Debug|Any CPU
		{75F0F587-6E23-4E18-8C5A-B88DB7C206A6}.Debug|x64.ActiveCfg = Debug|Any CPU
		{75F0F587-6E23-4E18-8C5A-B88DB7C206A6}.Debug|x64.Build.0 = Debug|Any CPU
		{75F0F587-6E23-4E18-8C5A-B88DB7C206A6}.Debug|x86.ActiveCfg = Debug|Any CPU
		{75F0F587-6E23-4E18-8C5A-B88DB7C206A6}.Debug|x86.Build.0 = Debug|Any CPU
		{75F0F587-6E23-4E18-8C5A-B88DB7C206A6}.Release|Any CPU.ActiveCfg = Release|Any CPU
		{75F0F587-6E23-4E18-8C5A-B88DB7C206A6}.Release|Any CPU.Build.0 = Release|Any CPU
		{75F0F587-6E23-4E18-8C5A-B88DB7C206A6}.Release|x64.ActiveCfg = Release|Any CPU
		{75F0F587-6E23-4E18-8C5A-B88DB7C206A6}.Release|x64.Build.0 = Release|Any CPU
		{75F0F587-6E23-4E18-8C5A-B88DB7C206A6}.Release|x86.ActiveCfg = Release|Any CPU
		{75F0F587-6E23-4E18-8C5A-B88DB7C206A6}.Release|x86.Build.0 = Release|Any CPU
		{035272DE-E11F-46DD-8CDE-D52898FE04F5}.Debug|Any CPU.ActiveCfg = Debug|Any CPU
		{035272DE-E11F-46DD-8CDE-D52898FE04F5}.Debug|Any CPU.Build.0 = Debug|Any CPU
		{035272DE-E11F-46DD-8CDE-D52898FE04F5}.Debug|x64.ActiveCfg = Debug|Any CPU
		{035272DE-E11F-46DD-8CDE-D52898FE04F5}.Debug|x64.Build.0 = Debug|Any CPU
		{035272DE-E11F-46DD-8CDE-D52898FE04F5}.Debug|x86.ActiveCfg = Debug|Any CPU
		{035272DE-E11F-46DD-8CDE-D52898FE04F5}.Debug|x86.Build.0 = Debug|Any CPU
		{035272DE-E11F-46DD-8CDE-D52898FE04F5}.Release|Any CPU.ActiveCfg = Release|Any CPU
		{035272DE-E11F-46DD-8CDE-D52898FE04F5}.Release|Any CPU.Build.0 = Release|Any CPU
		{035272DE-E11F-46DD-8CDE-D52898FE04F5}.Release|x64.ActiveCfg = Release|Any CPU
		{035272DE-E11F-46DD-8CDE-D52898FE04F5}.Release|x64.Build.0 = Release|Any CPU
		{035272DE-E11F-46DD-8CDE-D52898FE04F5}.Release|x86.ActiveCfg = Release|Any CPU
		{035272DE-E11F-46DD-8CDE-D52898FE04F5}.Release|x86.Build.0 = Release|Any CPU
		{B1A2A391-8577-496E-96B4-1600F0B2174E}.Debug|Any CPU.ActiveCfg = Debug|Any CPU
		{B1A2A391-8577-496E-96B4-1600F0B2174E}.Debug|Any CPU.Build.0 = Debug|Any CPU
		{B1A2A391-8577-496E-96B4-1600F0B2174E}.Debug|x64.ActiveCfg = Debug|Any CPU
		{B1A2A391-8577-496E-96B4-1600F0B2174E}.Debug|x64.Build.0 = Debug|Any CPU
		{B1A2A391-8577-496E-96B4-1600F0B2174E}.Debug|x86.ActiveCfg = Debug|Any CPU
		{B1A2A391-8577-496E-96B4-1600F0B2174E}.Debug|x86.Build.0 = Debug|Any CPU
		{B1A2A391-8577-496E-96B4-1600F0B2174E}.Release|Any CPU.ActiveCfg = Release|Any CPU
		{B1A2A391-8577-496E-96B4-1600F0B2174E}.Release|Any CPU.Build.0 = Release|Any CPU
		{B1A2A391-8577-496E-96B4-1600F0B2174E}.Release|x64.ActiveCfg = Release|Any CPU
		{B1A2A391-8577-496E-96B4-1600F0B2174E}.Release|x64.Build.0 = Release|Any CPU
		{B1A2A391-8577-496E-96B4-1600F0B2174E}.Release|x86.ActiveCfg = Release|Any CPU
		{B1A2A391-8577-496E-96B4-1600F0B2174E}.Release|x86.Build.0 = Release|Any CPU
		{F73A04F7-D416-4CF5-BDD2-2FF81CFEB248}.Debug|Any CPU.ActiveCfg = Debug|Any CPU
		{F73A04F7-D416-4CF5-BDD2-2FF81CFEB248}.Debug|Any CPU.Build.0 = Debug|Any CPU
		{F73A04F7-D416-4CF5-BDD2-2FF81CFEB248}.Debug|x64.ActiveCfg = Debug|Any CPU
		{F73A04F7-D416-4CF5-BDD2-2FF81CFEB248}.Debug|x64.Build.0 = Debug|Any CPU
		{F73A04F7-D416-4CF5-BDD2-2FF81CFEB248}.Debug|x86.ActiveCfg = Debug|Any CPU
		{F73A04F7-D416-4CF5-BDD2-2FF81CFEB248}.Debug|x86.Build.0 = Debug|Any CPU
		{F73A04F7-D416-4CF5-BDD2-2FF81CFEB248}.Release|Any CPU.ActiveCfg = Release|Any CPU
		{F73A04F7-D416-4CF5-BDD2-2FF81CFEB248}.Release|Any CPU.Build.0 = Release|Any CPU
		{F73A04F7-D416-4CF5-BDD2-2FF81CFEB248}.Release|x64.ActiveCfg = Release|Any CPU
		{F73A04F7-D416-4CF5-BDD2-2FF81CFEB248}.Release|x64.Build.0 = Release|Any CPU
		{F73A04F7-D416-4CF5-BDD2-2FF81CFEB248}.Release|x86.ActiveCfg = Release|Any CPU
		{F73A04F7-D416-4CF5-BDD2-2FF81CFEB248}.Release|x86.Build.0 = Release|Any CPU
		{1CAF1762-DEC5-4DEE-A01D-704935B37C02}.Debug|Any CPU.ActiveCfg = Debug|Any CPU
		{1CAF1762-DEC5-4DEE-A01D-704935B37C02}.Debug|Any CPU.Build.0 = Debug|Any CPU
		{1CAF1762-DEC5-4DEE-A01D-704935B37C02}.Debug|x64.ActiveCfg = Debug|Any CPU
		{1CAF1762-DEC5-4DEE-A01D-704935B37C02}.Debug|x64.Build.0 = Debug|Any CPU
		{1CAF1762-DEC5-4DEE-A01D-704935B37C02}.Debug|x86.ActiveCfg = Debug|Any CPU
		{1CAF1762-DEC5-4DEE-A01D-704935B37C02}.Debug|x86.Build.0 = Debug|Any CPU
		{1CAF1762-DEC5-4DEE-A01D-704935B37C02}.Release|Any CPU.ActiveCfg = Release|Any CPU
		{1CAF1762-DEC5-4DEE-A01D-704935B37C02}.Release|Any CPU.Build.0 = Release|Any CPU
		{1CAF1762-DEC5-4DEE-A01D-704935B37C02}.Release|x64.ActiveCfg = Release|Any CPU
		{1CAF1762-DEC5-4DEE-A01D-704935B37C02}.Release|x64.Build.0 = Release|Any CPU
		{1CAF1762-DEC5-4DEE-A01D-704935B37C02}.Release|x86.ActiveCfg = Release|Any CPU
		{1CAF1762-DEC5-4DEE-A01D-704935B37C02}.Release|x86.Build.0 = Release|Any CPU
		{5E57ED08-8B17-476D-AAF6-CE89620D4807}.Debug|Any CPU.ActiveCfg = Debug|Any CPU
		{5E57ED08-8B17-476D-AAF6-CE89620D4807}.Debug|Any CPU.Build.0 = Debug|Any CPU
		{5E57ED08-8B17-476D-AAF6-CE89620D4807}.Debug|x64.ActiveCfg = Debug|Any CPU
		{5E57ED08-8B17-476D-AAF6-CE89620D4807}.Debug|x64.Build.0 = Debug|Any CPU
		{5E57ED08-8B17-476D-AAF6-CE89620D4807}.Debug|x86.ActiveCfg = Debug|Any CPU
		{5E57ED08-8B17-476D-AAF6-CE89620D4807}.Debug|x86.Build.0 = Debug|Any CPU
		{5E57ED08-8B17-476D-AAF6-CE89620D4807}.Release|Any CPU.ActiveCfg = Release|Any CPU
		{5E57ED08-8B17-476D-AAF6-CE89620D4807}.Release|Any CPU.Build.0 = Release|Any CPU
		{5E57ED08-8B17-476D-AAF6-CE89620D4807}.Release|x64.ActiveCfg = Release|Any CPU
		{5E57ED08-8B17-476D-AAF6-CE89620D4807}.Release|x64.Build.0 = Release|Any CPU
		{5E57ED08-8B17-476D-AAF6-CE89620D4807}.Release|x86.ActiveCfg = Release|Any CPU
		{5E57ED08-8B17-476D-AAF6-CE89620D4807}.Release|x86.Build.0 = Release|Any CPU
		{7FCF4ED5-9CE0-4F06-BE09-240FA6DDE1EF}.Debug|Any CPU.ActiveCfg = Debug|Any CPU
		{7FCF4ED5-9CE0-4F06-BE09-240FA6DDE1EF}.Debug|Any CPU.Build.0 = Debug|Any CPU
		{7FCF4ED5-9CE0-4F06-BE09-240FA6DDE1EF}.Debug|x64.ActiveCfg = Debug|Any CPU
		{7FCF4ED5-9CE0-4F06-BE09-240FA6DDE1EF}.Debug|x64.Build.0 = Debug|Any CPU
		{7FCF4ED5-9CE0-4F06-BE09-240FA6DDE1EF}.Debug|x86.ActiveCfg = Debug|Any CPU
		{7FCF4ED5-9CE0-4F06-BE09-240FA6DDE1EF}.Debug|x86.Build.0 = Debug|Any CPU
		{7FCF4ED5-9CE0-4F06-BE09-240FA6DDE1EF}.Release|Any CPU.ActiveCfg = Release|Any CPU
		{7FCF4ED5-9CE0-4F06-BE09-240FA6DDE1EF}.Release|Any CPU.Build.0 = Release|Any CPU
		{7FCF4ED5-9CE0-4F06-BE09-240FA6DDE1EF}.Release|x64.ActiveCfg = Release|Any CPU
		{7FCF4ED5-9CE0-4F06-BE09-240FA6DDE1EF}.Release|x64.Build.0 = Release|Any CPU
		{7FCF4ED5-9CE0-4F06-BE09-240FA6DDE1EF}.Release|x86.ActiveCfg = Release|Any CPU
		{7FCF4ED5-9CE0-4F06-BE09-240FA6DDE1EF}.Release|x86.Build.0 = Release|Any CPU
		{9F9D7277-6C5B-401B-8DA9-29A21F03E30C}.Debug|Any CPU.ActiveCfg = Debug|Any CPU
		{9F9D7277-6C5B-401B-8DA9-29A21F03E30C}.Debug|Any CPU.Build.0 = Debug|Any CPU
		{9F9D7277-6C5B-401B-8DA9-29A21F03E30C}.Debug|x64.ActiveCfg = Debug|Any CPU
		{9F9D7277-6C5B-401B-8DA9-29A21F03E30C}.Debug|x64.Build.0 = Debug|Any CPU
		{9F9D7277-6C5B-401B-8DA9-29A21F03E30C}.Debug|x86.ActiveCfg = Debug|Any CPU
		{9F9D7277-6C5B-401B-8DA9-29A21F03E30C}.Debug|x86.Build.0 = Debug|Any CPU
		{9F9D7277-6C5B-401B-8DA9-29A21F03E30C}.Release|Any CPU.ActiveCfg = Release|Any CPU
		{9F9D7277-6C5B-401B-8DA9-29A21F03E30C}.Release|Any CPU.Build.0 = Release|Any CPU
		{9F9D7277-6C5B-401B-8DA9-29A21F03E30C}.Release|x64.ActiveCfg = Release|Any CPU
		{9F9D7277-6C5B-401B-8DA9-29A21F03E30C}.Release|x64.Build.0 = Release|Any CPU
		{9F9D7277-6C5B-401B-8DA9-29A21F03E30C}.Release|x86.ActiveCfg = Release|Any CPU
		{9F9D7277-6C5B-401B-8DA9-29A21F03E30C}.Release|x86.Build.0 = Release|Any CPU
	EndGlobalSection
	GlobalSection(SolutionProperties) = preSolution
		HideSolutionNode = FALSE
	EndGlobalSection
EndGlobal
