
Microsoft Visual Studio Solution File, Format Version 12.00
# Visual Studio Version 17
VisualStudioVersion = 17.0.31903.59
MinimumVisualStudioVersion = 10.0.40219.1
Project("{FAE04EC0-301F-11D3-BF4B-00C04F79EFBC}") = "KMyMoney.Net.Models", "KMyMoney.Net.Models\KMyMoney.Net.Models.csproj", "{D4194266-C918-4FAE-BDD5-E0D15F99B4A9}"
EndProject
Project("{FAE04EC0-301F-11D3-BF4B-00C04F79EFBC}") = "KMyMoney.Net.Core", "KMyMoney.Net.Core\KMyMoney.Net.Core.csproj", "{BFDA6973-1160-498E-9208-47078E854DE5}"
EndProject
Project("{FAE04EC0-301F-11D3-BF4B-00C04F79EFBC}") = "KMyMoney.Net.Cli", "KMyMoney.Net.Cli\KMyMoney.Net.Cli.csproj", "{3E624ACE-EFC5-4A29-AED9-EDB178C9875A}"
EndProject
Project("{FAE04EC0-301F-11D3-BF4B-00C04F79EFBC}") = "KMyMoney.Net.Dropbox", "KMyMoney.Net.Dropbox\KMyMoney.Net.Dropbox.csproj", "{75F0F587-6E23-4E18-8C5A-B88DB7C206A6}"
EndProject
Project("{FAE04EC0-301F-11D3-BF4B-00C04F79EFBC}") = "KMyMoney.Net.Core.FileAccessors", "KMyMoney.Net.Core.FileAccessors\KMyMoney.Net.Core.FileAccessors.csproj", "{035272DE-E11F-46DD-8CDE-D52898FE04F5}"
EndProject
Global
	GlobalSection(SolutionConfigurationPlatforms) = preSolution
		Debug|Any CPU = Debug|Any CPU
		Debug|x64 = Debug|x64
		Debug|x86 = Debug|x86
		Release|Any CPU = Release|Any CPU
		Release|x64 = Release|x64
		Release|x86 = Release|x86
	EndGlobalSection
	GlobalSection(ProjectConfigurationPlatforms) = postSolution
		{D4194266-C918-4FAE-BDD5-E0D15F99B4A9}.Debug|Any CPU.ActiveCfg = Debug|Any CPU
		{D4194266-C918-4FAE-BDD5-E0D15F99B4A9}.Debug|Any CPU.Build.0 = Debug|Any CPU
		{D4194266-C918-4FAE-BDD5-E0D15F99B4A9}.Debug|x64.ActiveCfg = Debug|Any CPU
		{D4194266-C918-4FAE-BDD5-E0D15F99B4A9}.Debug|x64.Build.0 = Debug|Any CPU
		{D4194266-C918-4FAE-BDD5-E0D15F99B4A9}.Debug|x86.ActiveCfg = Debug|Any CPU
		{D4194266-C918-4FAE-BDD5-E0D15F99B4A9}.Debug|x86.Build.0 = Debug|Any CPU
		{D4194266-C918-4FAE-BDD5-E0D15F99B4A9}.Release|Any CPU.ActiveCfg = Release|Any CPU
		{D4194266-C918-4FAE-BDD5-E0D15F99B4A9}.Release|Any CPU.Build.0 = Release|Any CPU
		{D4194266-C918-4FAE-BDD5-E0D15F99B4A9}.Release|x64.ActiveCfg = Release|Any CPU
		{D4194266-C918-4FAE-BDD5-E0D15F99B4A9}.Release|x64.Build.0 = Release|Any CPU
		{D4194266-C918-4FAE-BDD5-E0D15F99B4A9}.Release|x86.ActiveCfg = Release|Any CPU
		{D4194266-C918-4FAE-BDD5-E0D15F99B4A9}.Release|x86.Build.0 = Release|Any CPU
		{BFDA6973-1160-498E-9208-47078E854DE5}.Debug|Any CPU.ActiveCfg = Debug|Any CPU
		{BFDA6973-1160-498E-9208-47078E854DE5}.Debug|Any CPU.Build.0 = Debug|Any CPU
		{BFDA6973-1160-498E-9208-47078E854DE5}.Debug|x64.ActiveCfg = Debug|Any CPU
		{BFDA6973-1160-498E-9208-47078E854DE5}.Debug|x64.Build.0 = Debug|Any CPU
		{BFDA6973-1160-498E-9208-47078E854DE5}.Debug|x86.ActiveCfg = Debug|Any CPU
		{BFDA6973-1160-498E-9208-47078E854DE5}.Debug|x86.Build.0 = Debug|Any CPU
		{BFDA6973-1160-498E-9208-47078E854DE5}.Release|Any CPU.ActiveCfg = Release|Any CPU
		{BFDA6973-1160-498E-9208-47078E854DE5}.Release|Any CPU.Build.0 = Release|Any CPU
		{BFDA6973-1160-498E-9208-47078E854DE5}.Release|x64.ActiveCfg = Release|Any CPU
		{BFDA6973-1160-498E-9208-47078E854DE5}.Release|x64.Build.0 = Release|Any CPU
		{BFDA6973-1160-498E-9208-47078E854DE5}.Release|x86.ActiveCfg = Release|Any CPU
		{BFDA6973-1160-498E-9208-47078E854DE5}.Release|x86.Build.0 = Release|Any CPU
		{3E624ACE-EFC5-4A29-AED9-EDB178C9875A}.Debug|Any CPU.ActiveCfg = Debug|Any CPU
		{3E624ACE-EFC5-4A29-AED9-EDB178C9875A}.Debug|Any CPU.Build.0 = Debug|Any CPU
		{3E624ACE-EFC5-4A29-AED9-EDB178C9875A}.Debug|x64.ActiveCfg = Debug|Any CPU
		{3E624ACE-EFC5-4A29-AED9-EDB178C9875A}.Debug|x64.Build.0 = Debug|Any CPU
		{3E624ACE-EFC5-4A29-AED9-EDB178C9875A}.Debug|x86.ActiveCfg = Debug|Any CPU
		{3E624ACE-EFC5-4A29-AED9-EDB178C9875A}.Debug|x86.Build.0 = Debug|Any CPU
		{3E624ACE-EFC5-4A29-AED9-EDB178C9875A}.Release|Any CPU.ActiveCfg = Release|Any CPU
		{3E624ACE-EFC5-4A29-AED9-EDB178C9875A}.Release|Any CPU.Build.0 = Release|Any CPU
		{3E624ACE-EFC5-4A29-AED9-EDB178C9875A}.Release|x64.ActiveCfg = Release|Any CPU
		{3E624ACE-EFC5-4A29-AED9-EDB178C9875A}.Release|x64.Build.0 = Release|Any CPU
		{3E624ACE-EFC5-4A29-AED9-EDB178C9875A}.Release|x86.ActiveCfg = Release|Any CPU
		{3E624ACE-EFC5-4A29-AED9-EDB178C9875A}.Release|x86.Build.0 = Release|Any CPU
		{75F0F587-6E23-4E18-8C5A-B88DB7C206A6}.Debug|Any CPU.ActiveCfg = Debug|Any CPU
		{75F0F587-6E23-4E18-8C5A-B88DB7C206A6}.Debug|Any CPU.Build.0 = Debug|Any CPU
		{75F0F587-6E23-4E18-8C5A-B88DB7C206A6}.Debug|x64.ActiveCfg = Debug|Any CPU
		{75F0F587-6E23-4E18-8C5A-B88DB7C206A6}.Debug|x64.Build.0 = Debug|Any CPU
		{75F0F587-6E23-4E18-8C5A-B88DB7C206A6}.Debug|x86.ActiveCfg = Debug|Any CPU
		{75F0F587-6E23-4E18-8C5A-B88DB7C206A6}.Debug|x86.Build.0 = Debug|Any CPU
		{75F0F587-6E23-4E18-8C5A-B88DB7C206A6}.Release|Any CPU.ActiveCfg = Release|Any CPU
		{75F0F587-6E23-4E18-8C5A-B88DB7C206A6}.Release|Any CPU.Build.0 = Release|Any CPU
		{75F0F587-6E23-4E18-8C5A-B88DB7C206A6}.Release|x64.ActiveCfg = Release|Any CPU
		{75F0F587-6E23-4E18-8C5A-B88DB7C206A6}.Release|x64.Build.0 = Release|Any CPU
		{75F0F587-6E23-4E18-8C5A-B88DB7C206A6}.Release|x86.ActiveCfg = Release|Any CPU
		{75F0F587-6E23-4E18-8C5A-B88DB7C206A6}.Release|x86.Build.0 = Release|Any CPU
		{035272DE-E11F-46DD-8CDE-D52898FE04F5}.Debug|Any CPU.ActiveCfg = Debug|Any CPU
		{035272DE-E11F-46DD-8CDE-D52898FE04F5}.Debug|Any CPU.Build.0 = Debug|Any CPU
		{035272DE-E11F-46DD-8CDE-D52898FE04F5}.Debug|x64.ActiveCfg = Debug|Any CPU
		{035272DE-E11F-46DD-8CDE-D52898FE04F5}.Debug|x64.Build.0 = Debug|Any CPU
		{035272DE-E11F-46DD-8CDE-D52898FE04F5}.Debug|x86.ActiveCfg = Debug|Any CPU
		{035272DE-E11F-46DD-8CDE-D52898FE04F5}.Debug|x86.Build.0 = Debug|Any CPU
		{035272DE-E11F-46DD-8CDE-D52898FE04F5}.Release|Any CPU.ActiveCfg = Release|Any CPU
		{035272DE-E11F-46DD-8CDE-D52898FE04F5}.Release|Any CPU.Build.0 = Release|Any CPU
		{035272DE-E11F-46DD-8CDE-D52898FE04F5}.Release|x64.ActiveCfg = Release|Any CPU
		{035272DE-E11F-46DD-8CDE-D52898FE04F5}.Release|x64.Build.0 = Release|Any CPU
		{035272DE-E11F-46DD-8CDE-D52898FE04F5}.Release|x86.ActiveCfg = Release|Any CPU
		{035272DE-E11F-46DD-8CDE-D52898FE04F5}.Release|x86.Build.0 = Release|Any CPU
	EndGlobalSection
	GlobalSection(SolutionProperties) = preSolution
		HideSolutionNode = FALSE
	EndGlobalSection
EndGlobal
